
Microsoft Visual Studio Solution File, Format Version 12.00
# Visual Studio 14
VisualStudioVersion = 14.0.25420.1
MinimumVisualStudioVersion = 10.0.40219.1
Project("{8BC9CEB8-8B4A-11D0-8D11-00A0C91BC942}") = "HW03_02", "HW03_02\HW03_02.vcxproj", "{27E3AB69-0A1D-4690-B794-929892E604CA}"
EndProject
Project("{8BC9CEB8-8B4A-11D0-8D11-00A0C91BC942}") = "UnitTest1", "UnitTest1\UnitTest1.vcxproj", "{F75BDB14-DDB2-40F1-BE1E-88F51E69FD00}"
EndProject
Global
	GlobalSection(SolutionConfigurationPlatforms) = preSolution
		Debug|x64 = Debug|x64
		Debug|x86 = Debug|x86
		Release|x64 = Release|x64
		Release|x86 = Release|x86
	EndGlobalSection
	GlobalSection(ProjectConfigurationPlatforms) = postSolution
		{27E3AB69-0A1D-4690-B794-929892E604CA}.Debug|x64.ActiveCfg = Debug|x64
		{27E3AB69-0A1D-4690-B794-929892E604CA}.Debug|x64.Build.0 = Debug|x64
		{27E3AB69-0A1D-4690-B794-929892E604CA}.Debug|x86.ActiveCfg = Debug|Win32
		{27E3AB69-0A1D-4690-B794-929892E604CA}.Debug|x86.Build.0 = Debug|Win32
		{27E3AB69-0A1D-4690-B794-929892E604CA}.Release|x64.ActiveCfg = Release|x64
		{27E3AB69-0A1D-4690-B794-929892E604CA}.Release|x64.Build.0 = Release|x64
		{27E3AB69-0A1D-4690-B794-929892E604CA}.Release|x86.ActiveCfg = Release|Win32
		{27E3AB69-0A1D-4690-B794-929892E604CA}.Release|x86.Build.0 = Release|Win32
		{F75BDB14-DDB2-40F1-BE1E-88F51E69FD00}.Debug|x64.ActiveCfg = Debug|x64
		{F75BDB14-DDB2-40F1-BE1E-88F51E69FD00}.Debug|x64.Build.0 = Debug|x64
		{F75BDB14-DDB2-40F1-BE1E-88F51E69FD00}.Debug|x86.ActiveCfg = Debug|Win32
		{F75BDB14-DDB2-40F1-BE1E-88F51E69FD00}.Debug|x86.Build.0 = Debug|Win32
		{F75BDB14-DDB2-40F1-BE1E-88F51E69FD00}.Release|x64.ActiveCfg = Release|x64
		{F75BDB14-DDB2-40F1-BE1E-88F51E69FD00}.Release|x64.Build.0 = Release|x64
		{F75BDB14-DDB2-40F1-BE1E-88F51E69FD00}.Release|x86.ActiveCfg = Release|Win32
		{F75BDB14-DDB2-40F1-BE1E-88F51E69FD00}.Release|x86.Build.0 = Release|Win32
	EndGlobalSection
	GlobalSection(SolutionProperties) = preSolution
		HideSolutionNode = FALSE
	EndGlobalSection
EndGlobal
